Microsoft Visual Studio Solution File, Format Version 12.00
# Visual Studio 2013
VisualStudioVersion = 12.0.20623.1 VSUPREVIEW
Project("{4B510E2C-0747-4D93-92A1-A4278D129B2C}") = "Buggy", "Buggy.vcxproj", "{BAF3E7DB-1FEC-4C9A-B9FC-EF785DED7C1F}"
EndProject
Global
	GlobalSection(SolutionConfigurationPlatforms) = preSolution
		Debug|Win32 = Debug|Win32
		Release|Win32 = Release|Win32
	EndGlobalSection
	GlobalSection(ProjectConfigurationPlatforms) = postSolution
		{BAF3E7DB-1FEC-4C9A-B9FC-EF785DED7C1F}.Debug|Win32.ActiveCfg = Debug|Win32
		{BAF3E7DB-1FEC-4C9A-B9FC-EF785DED7C1F}.Debug|Win32.Build.0 = Debug|Win32
		{BAF3E7DB-1FEC-4C9A-B9FC-EF785DED7C1F}.Release|Win32.ActiveCfg = Release|Win32
		{BAF3E7DB-1FEC-4C9A-B9FC-EF785DED7C1F}.Release|Win32.Build.0 = Release|Win32
	EndGlobalSection
	GlobalSection(SolutionProperties) = preSolution
		HideSolutionNode = FALSE
	EndGlobalSection
EndGlobal
