
Microsoft Visual Studio Solution File, Format Version 12.00
# Visual Studio 2013
VisualStudioVersion = 12.0.20623.1 VSUPREVIEW
MinimumVisualStudioVersion = 10.0.40219.1
Project("{8BC9CEB8-8B4A-11D0-8D11-00A0C91BC942}") = "x86", "src\cpu\x86\x86.vcxproj", "{7B41F328-2BB8-4B85-9F8A-200840567F00}"
EndProject
Global
	GlobalSection(SolutionConfigurationPlatforms) = preSolution
		Debug|Win32 = Debug|Win32
		Release|Win32 = Release|Win32
	EndGlobalSection
	GlobalSection(ProjectConfigurationPlatforms) = postSolution
		{7B41F328-2BB8-4B85-9F8A-200840567F00}.Debug|Win32.ActiveCfg = Debug|Win32
		{7B41F328-2BB8-4B85-9F8A-200840567F00}.Debug|Win32.Build.0 = Debug|Win32
		{7B41F328-2BB8-4B85-9F8A-200840567F00}.Release|Win32.ActiveCfg = Release|Win32
		{7B41F328-2BB8-4B85-9F8A-200840567F00}.Release|Win32.Build.0 = Release|Win32
	EndGlobalSection
	GlobalSection(SolutionProperties) = preSolution
		HideSolutionNode = FALSE
	EndGlobalSection
EndGlobal
